
Microsoft Visual Studio Solution File, Format Version 12.00
# Visual Studio Version 17
VisualStudioVersion = 17.9.34728.123
MinimumVisualStudioVersion = 10.0.40219.1
Project("{8BC9CEB8-8B4A-11D0-8D11-00A0C91BC942}") = "SQLiteHelper", "SQLiteHelper\SQLiteHelper.vcxproj", "{CED792AE-6EC0-4A6C-BEE6-E03F89825643}"
EndProject
Project("{8BC9CEB8-8B4A-11D0-8D11-00A0C91BC942}") = "TraceLogger", "TraceLogger\TraceLogger.vcxproj", "{9E69068E-BA4D-433A-BCAD-CDF8D8BE876D}"
EndProject
Project("{8BC9CEB8-8B4A-11D0-8D11-00A0C91BC942}") = "BackupTool", "BackupTool\BackupTool.vcxproj", "{091B69B2-903F-4D3D-8AA6-85344532980B}"
	ProjectSection(ProjectDependencies) = postProject
		{9E69068E-BA4D-433A-BCAD-CDF8D8BE876D} = {9E69068E-BA4D-433A-BCAD-CDF8D8BE876D}
		{CED792AE-6EC0-4A6C-BEE6-E03F89825643} = {CED792AE-6EC0-4A6C-BEE6-E03F89825643}
	EndProjectSection
EndProject
Project("{8BC9CEB8-8B4A-11D0-8D11-00A0C91BC942}") = "ImportTool", "ImportTool\ImportTool.vcxproj", "{7F8DEC09-BB60-4019-A0E8-FDE704553DEE}"
	ProjectSection(ProjectDependencies) = postProject
		{9E69068E-BA4D-433A-BCAD-CDF8D8BE876D} = {9E69068E-BA4D-433A-BCAD-CDF8D8BE876D}
		{CED792AE-6EC0-4A6C-BEE6-E03F89825643} = {CED792AE-6EC0-4A6C-BEE6-E03F89825643}
	EndProjectSection
EndProject
Project("{8BC9CEB8-8B4A-11D0-8D11-00A0C91BC942}") = "MergeTool", "MergeTool\MergeTool.vcxproj", "{666EEADF-048E-4D02-8205-DE2CC0005F18}"
	ProjectSection(ProjectDependencies) = postProject
		{9E69068E-BA4D-433A-BCAD-CDF8D8BE876D} = {9E69068E-BA4D-433A-BCAD-CDF8D8BE876D}
		{CED792AE-6EC0-4A6C-BEE6-E03F89825643} = {CED792AE-6EC0-4A6C-BEE6-E03F89825643}
	EndProjectSection
EndProject
Global
	GlobalSection(SolutionConfigurationPlatforms) = preSolution
		Debug|x64 = Debug|x64
		Debug|x86 = Debug|x86
		Release|x64 = Release|x64
		Release|x86 = Release|x86
	EndGlobalSection
	GlobalSection(ProjectConfigurationPlatforms) = postSolution
		{CED792AE-6EC0-4A6C-BEE6-E03F89825643}.Debug|x64.ActiveCfg = Debug|x64
		{CED792AE-6EC0-4A6C-BEE6-E03F89825643}.Debug|x64.Build.0 = Debug|x64
		{CED792AE-6EC0-4A6C-BEE6-E03F89825643}.Debug|x86.ActiveCfg = Debug|Win32
		{CED792AE-6EC0-4A6C-BEE6-E03F89825643}.Debug|x86.Build.0 = Debug|Win32
		{CED792AE-6EC0-4A6C-BEE6-E03F89825643}.Release|x64.ActiveCfg = Release|x64
		{CED792AE-6EC0-4A6C-BEE6-E03F89825643}.Release|x64.Build.0 = Release|x64
		{CED792AE-6EC0-4A6C-BEE6-E03F89825643}.Release|x86.ActiveCfg = Release|Win32
		{CED792AE-6EC0-4A6C-BEE6-E03F89825643}.Release|x86.Build.0 = Release|Win32
		{9E69068E-BA4D-433A-BCAD-CDF8D8BE876D}.Debug|x64.ActiveCfg = Debug|x64
		{9E69068E-BA4D-433A-BCAD-CDF8D8BE876D}.Debug|x64.Build.0 = Debug|x64
		{9E69068E-BA4D-433A-BCAD-CDF8D8BE876D}.Debug|x86.ActiveCfg = Debug|Win32
		{9E69068E-BA4D-433A-BCAD-CDF8D8BE876D}.Debug|x86.Build.0 = Debug|Win32
		{9E69068E-BA4D-433A-BCAD-CDF8D8BE876D}.Release|x64.ActiveCfg = Release|x64
		{9E69068E-BA4D-433A-BCAD-CDF8D8BE876D}.Release|x64.Build.0 = Release|x64
		{9E69068E-BA4D-433A-BCAD-CDF8D8BE876D}.Release|x86.ActiveCfg = Release|Win32
		{9E69068E-BA4D-433A-BCAD-CDF8D8BE876D}.Release|x86.Build.0 = Release|Win32
		{091B69B2-903F-4D3D-8AA6-85344532980B}.Debug|x64.ActiveCfg = Debug|x64
		{091B69B2-903F-4D3D-8AA6-85344532980B}.Debug|x64.Build.0 = Debug|x64
		{091B69B2-903F-4D3D-8AA6-85344532980B}.Debug|x86.ActiveCfg = Debug|Win32
		{091B69B2-903F-4D3D-8AA6-85344532980B}.Debug|x86.Build.0 = Debug|Win32
		{091B69B2-903F-4D3D-8AA6-85344532980B}.Release|x64.ActiveCfg = Release|x64
		{091B69B2-903F-4D3D-8AA6-85344532980B}.Release|x64.Build.0 = Release|x64
		{091B69B2-903F-4D3D-8AA6-85344532980B}.Release|x86.ActiveCfg = Release|Win32
		{091B69B2-903F-4D3D-8AA6-85344532980B}.Release|x86.Build.0 = Release|Win32
		{7F8DEC09-BB60-4019-A0E8-FDE704553DEE}.Debug|x64.ActiveCfg = Debug|x64
		{7F8DEC09-BB60-4019-A0E8-FDE704553DEE}.Debug|x64.Build.0 = Debug|x64
		{7F8DEC09-BB60-4019-A0E8-FDE704553DEE}.Debug|x86.ActiveCfg = Debug|Win32
		{7F8DEC09-BB60-4019-A0E8-FDE704553DEE}.Debug|x86.Build.0 = Debug|Win32
		{7F8DEC09-BB60-4019-A0E8-FDE704553DEE}.Release|x64.ActiveCfg = Release|x64
		{7F8DEC09-BB60-4019-A0E8-FDE704553DEE}.Release|x64.Build.0 = Release|x64
		{7F8DEC09-BB60-4019-A0E8-FDE704553DEE}.Release|x86.ActiveCfg = Release|Win32
		{7F8DEC09-BB60-4019-A0E8-FDE704553DEE}.Release|x86.Build.0 = Release|Win32
		{666EEADF-048E-4D02-8205-DE2CC0005F18}.Debug|x64.ActiveCfg = Debug|x64
		{666EEADF-048E-4D02-8205-DE2CC0005F18}.Debug|x64.Build.0 = Debug|x64
		{666EEADF-048E-4D02-8205-DE2CC0005F18}.Debug|x86.ActiveCfg = Debug|Win32
		{666EEADF-048E-4D02-8205-DE2CC0005F18}.Debug|x86.Build.0 = Debug|Win32
		{666EEADF-048E-4D02-8205-DE2CC0005F18}.Release|x64.ActiveCfg = Release|x64
		{666EEADF-048E-4D02-8205-DE2CC0005F18}.Release|x64.Build.0 = Release|x64
		{666EEADF-048E-4D02-8205-DE2CC0005F18}.Release|x86.ActiveCfg = Release|Win32
		{666EEADF-048E-4D02-8205-DE2CC0005F18}.Release|x86.Build.0 = Release|Win32
	EndGlobalSection
	GlobalSection(SolutionProperties) = preSolution
		HideSolutionNode = FALSE
	EndGlobalSection
	GlobalSection(ExtensibilityGlobals) = postSolution
		SolutionGuid = {A231CBA0-186A-469C-A29D-C9D131AF276C}
	EndGlobalSection
EndGlobal
