
Microsoft Visual Studio Solution File, Format Version 12.00
# Visual Studio Version 17
VisualStudioVersion = 17.9.34728.123
MinimumVisualStudioVersion = 10.0.40219.1
Project("{8BC9CEB8-8B4A-11D0-8D11-00A0C91BC942}") = "SQLiteHelper", "SQLiteHelper\SQLiteHelper.vcxproj", "{CED792AE-6EC0-4A6C-BEE6-E03F89825643}"
EndProject
Project("{8BC9CEB8-8B4A-11D0-8D11-00A0C91BC942}") = "TraceLogger", "TraceLogger\TraceLogger.vcxproj", "{9E69068E-BA4D-433A-BCAD-CDF8D8BE876D}"
EndProject
Project("{8BC9CEB8-8B4A-11D0-8D11-00A0C91BC942}") = "HelperTool", "HelperTool\HelperTool.vcxproj", "{9AF3754F-997A-4BEA-92CD-691CE8A54767}"
EndProject
Global
	GlobalSection(SolutionConfigurationPlatforms) = preSolution
		Debug|x64 = Debug|x64
		Debug|x86 = Debug|x86
		Release|x64 = Release|x64
		Release|x86 = Release|x86
	EndGlobalSection
	GlobalSection(ProjectConfigurationPlatforms) = postSolution
		{CED792AE-6EC0-4A6C-BEE6-E03F89825643}.Debug|x64.ActiveCfg = Debug|x64
		{CED792AE-6EC0-4A6C-BEE6-E03F89825643}.Debug|x64.Build.0 = Debug|x64
		{CED792AE-6EC0-4A6C-BEE6-E03F89825643}.Debug|x86.ActiveCfg = Debug|Win32
		{CED792AE-6EC0-4A6C-BEE6-E03F89825643}.Debug|x86.Build.0 = Debug|Win32
		{CED792AE-6EC0-4A6C-BEE6-E03F89825643}.Release|x64.ActiveCfg = Release|x64
		{CED792AE-6EC0-4A6C-BEE6-E03F89825643}.Release|x64.Build.0 = Release|x64
		{CED792AE-6EC0-4A6C-BEE6-E03F89825643}.Release|x86.ActiveCfg = Release|Win32
		{CED792AE-6EC0-4A6C-BEE6-E03F89825643}.Release|x86.Build.0 = Release|Win32
		{9E69068E-BA4D-433A-BCAD-CDF8D8BE876D}.Debug|x64.ActiveCfg = Debug|x64
		{9E69068E-BA4D-433A-BCAD-CDF8D8BE876D}.Debug|x64.Build.0 = Debug|x64
		{9E69068E-BA4D-433A-BCAD-CDF8D8BE876D}.Debug|x86.ActiveCfg = Debug|Win32
		{9E69068E-BA4D-433A-BCAD-CDF8D8BE876D}.Debug|x86.Build.0 = Debug|Win32
		{9E69068E-BA4D-433A-BCAD-CDF8D8BE876D}.Release|x64.ActiveCfg = Release|x64
		{9E69068E-BA4D-433A-BCAD-CDF8D8BE876D}.Release|x64.Build.0 = Release|x64
		{9E69068E-BA4D-433A-BCAD-CDF8D8BE876D}.Release|x86.ActiveCfg = Release|Win32
		{9E69068E-BA4D-433A-BCAD-CDF8D8BE876D}.Release|x86.Build.0 = Release|Win32
		{9AF3754F-997A-4BEA-92CD-691CE8A54767}.Debug|x64.ActiveCfg = Debug|x64
		{9AF3754F-997A-4BEA-92CD-691CE8A54767}.Debug|x64.Build.0 = Debug|x64
		{9AF3754F-997A-4BEA-92CD-691CE8A54767}.Debug|x86.ActiveCfg = Debug|Win32
		{9AF3754F-997A-4BEA-92CD-691CE8A54767}.Debug|x86.Build.0 = Debug|Win32
		{9AF3754F-997A-4BEA-92CD-691CE8A54767}.Release|x64.ActiveCfg = Release|x64
		{9AF3754F-997A-4BEA-92CD-691CE8A54767}.Release|x64.Build.0 = Release|x64
		{9AF3754F-997A-4BEA-92CD-691CE8A54767}.Release|x86.ActiveCfg = Release|Win32
		{9AF3754F-997A-4BEA-92CD-691CE8A54767}.Release|x86.Build.0 = Release|Win32
	EndGlobalSection
	GlobalSection(SolutionProperties) = preSolution
		HideSolutionNode = FALSE
	EndGlobalSection
	GlobalSection(ExtensibilityGlobals) = postSolution
		SolutionGuid = {A231CBA0-186A-469C-A29D-C9D131AF276C}
	EndGlobalSection
EndGlobal
