
Microsoft Visual Studio Solution File, Format Version 12.00
# Visual Studio Version 17
VisualStudioVersion = 17.11.35312.102
MinimumVisualStudioVersion = 10.0.40219.1
Project("{FAE04EC0-301F-11D3-BF4B-00C04F79EFBC}") = "TraceLogger", "TraceLogger\TraceLogger.csproj", "{2E6C208E-21D0-469C-805B-6D904EA79459}"
EndProject
Project("{FAE04EC0-301F-11D3-BF4B-00C04F79EFBC}") = "TEST", "TEST\TEST.csproj", "{2A20712C-5168-43CF-B982-83EC1D7F5B24}"
EndProject
Global
	GlobalSection(SolutionConfigurationPlatforms) = preSolution
		Debug|Any CPU = Debug|Any CPU
		Release|Any CPU = Release|Any CPU
	EndGlobalSection
	GlobalSection(ProjectConfigurationPlatforms) = postSolution
		{2E6C208E-21D0-469C-805B-6D904EA79459}.Debug|Any CPU.ActiveCfg = Debug|Any CPU
		{2E6C208E-21D0-469C-805B-6D904EA79459}.Debug|Any CPU.Build.0 = Debug|Any CPU
		{2E6C208E-21D0-469C-805B-6D904EA79459}.Release|Any CPU.ActiveCfg = Release|Any CPU
		{2E6C208E-21D0-469C-805B-6D904EA79459}.Release|Any CPU.Build.0 = Release|Any CPU
		{2A20712C-5168-43CF-B982-83EC1D7F5B24}.Debug|Any CPU.ActiveCfg = Debug|Any CPU
		{2A20712C-5168-43CF-B982-83EC1D7F5B24}.Debug|Any CPU.Build.0 = Debug|Any CPU
		{2A20712C-5168-43CF-B982-83EC1D7F5B24}.Release|Any CPU.ActiveCfg = Release|Any CPU
		{2A20712C-5168-43CF-B982-83EC1D7F5B24}.Release|Any CPU.Build.0 = Release|Any CPU
	EndGlobalSection
	GlobalSection(SolutionProperties) = preSolution
		HideSolutionNode = FALSE
	EndGlobalSection
	GlobalSection(ExtensibilityGlobals) = postSolution
		SolutionGuid = {3263E76F-813E-4383-89DC-795837FDD161}
	EndGlobalSection
EndGlobal
